// !$*UTF8*$!
{
	archiveVersion = 1;
	classes = {
	};
	objectVersion = 46;
	objects = {

/* Begin PBXBuildFile section */
		A5C75A7D18954A8C002994C9 /* Foundation.framework in Frameworks */ = {isa = PBXBuildFile; fileRef = A5C75A7C18954A8C002994C9 /* Foundation.framework */; };
		A5C75A7F18954A8C002994C9 /* CoreGraphics.framework in Frameworks */ = {isa = PBXBuildFile; fileRef = A5C75A7E18954A8C002994C9 /* CoreGraphics.framework */; };
		A5C75A8118954A8C002994C9 /* UIKit.framework in Frameworks */ = {isa = PBXBuildFile; fileRef = A5C75A8018954A8C002994C9 /* UIKit.framework */; };
		A5C75A8718954A8C002994C9 /* InfoPlist.strings in Resources */ = {isa = PBXBuildFile; fileRef = A5C75A8518954A8C002994C9 /* InfoPlist.strings */; };
		A5C75A8918954A8C002994C9 /* main.m in Sources */ = {isa = PBXBuildFile; fileRef = A5C75A8818954A8C002994C9 /* main.m */; };
		A5C75A8D18954A8C002994C9 /* TTAppDelegate.m in Sources */ = {isa = PBXBuildFile; fileRef = A5C75A8C18954A8C002994C9 /* TTAppDelegate.m */; };
		A5C75A9518954A8C002994C9 /* Images.xcassets in Resources */ = {isa = PBXBuildFile; fileRef = A5C75A9418954A8C002994C9 /* Images.xcassets */; };
		A5C75A9C18954A8D002994C9 /* XCTest.framework in Frameworks */ = {isa = PBXBuildFile; fileRef = A5C75A9B18954A8D002994C9 /* XCTest.framework */; };
		A5C75A9D18954A8D002994C9 /* Foundation.framework in Frameworks */ = {isa = PBXBuildFile; fileRef = A5C75A7C18954A8C002994C9 /* Foundation.framework */; };
		A5C75A9E18954A8D002994C9 /* UIKit.framework in Frameworks */ = {isa = PBXBuildFile; fileRef = A5C75A8018954A8C002994C9 /* UIKit.framework */; };
		A5C75AA618954A8D002994C9 /* InfoPlist.strings in Resources */ = {isa = PBXBuildFile; fileRef = A5C75AA418954A8D002994C9 /* InfoPlist.strings */; };
		A5C75AA818954A8D002994C9 /* DataTypeTests.m in Sources */ = {isa = PBXBuildFile; fileRef = A5C75AA718954A8D002994C9 /* DataTypeTests.m */; };
		A5C75AB918954B1D002994C9 /* TTViewController.m in Sources */ = {isa = PBXBuildFile; fileRef = A5C75AB718954B1D002994C9 /* TTViewController.m */; };
		A5C75ABA18954B1D002994C9 /* TTViewController.xib in Resources */ = {isa = PBXBuildFile; fileRef = A5C75AB818954B1D002994C9 /* TTViewController.xib */; };
/* End PBXBuildFile section */

/* Begin PBXContainerItemProxy section */
		A5C75A9F18954A8D002994C9 /* PBXContainerItemProxy */ = {
			isa = PBXContainerItemProxy;
			containerPortal = A5C75A7118954A8C002994C9 /* Project object */;
			proxyType = 1;
			remoteGlobalIDString = A5C75A7818954A8C002994C9;
			remoteInfo = DataType;
		};
/* End PBXContainerItemProxy section */

/* Begin PBXFileReference section */
		A5C75A7918954A8C002994C9 /* DataType.app */ = {isa = PBXFileReference; explicitFileType = wrapper.application; includeInIndex = 0; path = DataType.app; sourceTree = BUILT_PRODUCTS_DIR; };
		A5C75A7C18954A8C002994C9 /* Foundation.framework */ = {isa = PBXFileReference; lastKnownFileType = wrapper.framework; name = Foundation.framework; path = System/Library/Frameworks/Foundation.framework; sourceTree = SDKROOT; };
		A5C75A7E18954A8C002994C9 /* CoreGraphics.framework */ = {isa = PBXFileReference; lastKnownFileType = wrapper.framework; name = CoreGraphics.framework; path = System/Library/Frameworks/CoreGraphics.framework; sourceTree = SDKROOT; };
		A5C75A8018954A8C002994C9 /* UIKit.framework */ = {isa = PBXFileReference; lastKnownFileType = wrapper.framework; name = UIKit.framework; path = System/Library/Frameworks/UIKit.framework; sourceTree = SDKROOT; };
		A5C75A8418954A8C002994C9 /* DataType-Info.plist */ = {isa = PBXFileReference; lastKnownFileType = text.plist.xml; path = "DataType-Info.plist"; sourceTree = "<group>"; };
		A5C75A8618954A8C002994C9 /* en */ = {isa = PBXFileReference; lastKnownFileType = text.plist.strings; name = en; path = en.lproj/InfoPlist.strings; sourceTree = "<group>"; };
		A5C75A8818954A8C002994C9 /* main.m */ = {isa = PBXFileReference; lastKnownFileType = sourcecode.c.objc; path = main.m; sourceTree = "<group>"; };
		A5C75A8A18954A8C002994C9 /* DataType-Prefix.pch */ = {isa = PBXFileReference; lastKnownFileType = sourcecode.c.h; path = "DataType-Prefix.pch"; sourceTree = "<group>"; };
		A5C75A8B18954A8C002994C9 /* TTAppDelegate.h */ = {isa = PBXFileReference; lastKnownFileType = sourcecode.c.h; path = TTAppDelegate.h; sourceTree = "<group>"; };
		A5C75A8C18954A8C002994C9 /* TTAppDelegate.m */ = {isa = PBXFileReference; lastKnownFileType = sourcecode.c.objc; path = TTAppDelegate.m; sourceTree = "<group>"; };
		A5C75A9418954A8C002994C9 /* Images.xcassets */ = {isa = PBXFileReference; lastKnownFileType = folder.assetcatalog; path = Images.xcassets; sourceTree = "<group>"; };
		A5C75A9A18954A8D002994C9 /* DataTypeTests.xctest */ = {isa = PBXFileReference; explicitFileType = wrapper.cfbundle; includeInIndex = 0; path = DataTypeTests.xctest; sourceTree = BUILT_PRODUCTS_DIR; };
		A5C75A9B18954A8D002994C9 /* XCTest.framework */ = {isa = PBXFileReference; lastKnownFileType = wrapper.framework; name = XCTest.framework; path = Library/Frameworks/XCTest.framework; sourceTree = DEVELOPER_DIR; };
		A5C75AA318954A8D002994C9 /* DataTypeTests-Info.plist */ = {isa = PBXFileReference; lastKnownFileType = text.plist.xml; path = "DataTypeTests-Info.plist"; sourceTree = "<group>"; };
		A5C75AA518954A8D002994C9 /* en */ = {isa = PBXFileReference; lastKnownFileType = text.plist.strings; name = en; path = en.lproj/InfoPlist.strings; sourceTree = "<group>"; };
		A5C75AA718954A8D002994C9 /* DataTypeTests.m */ = {isa = PBXFileReference; lastKnownFileType = sourcecode.c.objc; path = DataTypeTests.m; sourceTree = "<group>"; };
		A5C75AB618954B1D002994C9 /* TTViewController.h */ = {isa = PBXFileReference; fileEncoding = 4; lastKnownFileType = sourcecode.c.h; path = TTViewController.h; sourceTree = "<group>"; };
		A5C75AB718954B1D002994C9 /* TTViewController.m */ = {isa = PBXFileReference; fileEncoding = 4; lastKnownFileType = sourcecode.c.objc; path = TTViewController.m; sourceTree = "<group>"; };
		A5C75AB818954B1D002994C9 /* TTViewController.xib */ = {isa = PBXFileReference; fileEncoding = 4; lastKnownFileType = file.xib; path = TTViewController.xib; sourceTree = "<group>"; };
/* End PBXFileReference section */

/* Begin PBXFrameworksBuildPhase section */
		A5C75A7618954A8C002994C9 /* Frameworks */ = {
			isa = PBXFrameworksBuildPhase;
			buildActionMask = 2147483647;
			files = (
				A5C75A7F18954A8C002994C9 /* CoreGraphics.framework in Frameworks */,
				A5C75A8118954A8C002994C9 /* UIKit.framework in Frameworks */,
				A5C75A7D18954A8C002994C9 /* Foundation.framework in Frameworks */,
			);
			runOnlyForDeploymentPostprocessing = 0;
		};
		A5C75A9718954A8D002994C9 /* Frameworks */ = {
			isa = PBXFrameworksBuildPhase;
			buildActionMask = 2147483647;
			files = (
				A5C75A9C18954A8D002994C9 /* XCTest.framework in Frameworks */,
				A5C75A9E18954A8D002994C9 /* UIKit.framework in Frameworks */,
				A5C75A9D18954A8D002994C9 /* Foundation.framework in Frameworks */,
			);
			runOnlyForDeploymentPostprocessing = 0;
		};
/* End PBXFrameworksBuildPhase section */

/* Begin PBXGroup section */
		A5C75A7018954A8C002994C9 = {
			isa = PBXGroup;
			children = (
				A5C75A8218954A8C002994C9 /* DataType */,
				A5C75AA118954A8D002994C9 /* DataTypeTests */,
				A5C75A7B18954A8C002994C9 /* Frameworks */,
				A5C75A7A18954A8C002994C9 /* Products */,
			);
			sourceTree = "<group>";
		};
		A5C75A7A18954A8C002994C9 /* Products */ = {
			isa = PBXGroup;
			children = (
				A5C75A7918954A8C002994C9 /* DataType.app */,
				A5C75A9A18954A8D002994C9 /* DataTypeTests.xctest */,
			);
			name = Products;
			sourceTree = "<group>";
		};
		A5C75A7B18954A8C002994C9 /* Frameworks */ = {
			isa = PBXGroup;
			children = (
				A5C75A7C18954A8C002994C9 /* Foundation.framework */,
				A5C75A7E18954A8C002994C9 /* CoreGraphics.framework */,
				A5C75A8018954A8C002994C9 /* UIKit.framework */,
				A5C75A9B18954A8D002994C9 /* XCTest.framework */,
			);
			name = Frameworks;
			sourceTree = "<group>";
		};
		A5C75A8218954A8C002994C9 /* DataType */ = {
			isa = PBXGroup;
			children = (
				A5C75A8B18954A8C002994C9 /* TTAppDelegate.h */,
				A5C75A8C18954A8C002994C9 /* TTAppDelegate.m */,
				A5C75AB618954B1D002994C9 /* TTViewController.h */,
				A5C75AB718954B1D002994C9 /* TTViewController.m */,
				A5C75AB818954B1D002994C9 /* TTViewController.xib */,
				A5C75A9418954A8C002994C9 /* Images.xcassets */,
				A5C75A8318954A8C002994C9 /* Supporting Files */,
			);
			path = DataType;
			sourceTree = "<group>";
		};
		A5C75A8318954A8C002994C9 /* Supporting Files */ = {
			isa = PBXGroup;
			children = (
				A5C75A8418954A8C002994C9 /* DataType-Info.plist */,
				A5C75A8518954A8C002994C9 /* InfoPlist.strings */,
				A5C75A8818954A8C002994C9 /* main.m */,
				A5C75A8A18954A8C002994C9 /* DataType-Prefix.pch */,
			);
			name = "Supporting Files";
			sourceTree = "<group>";
		};
		A5C75AA118954A8D002994C9 /* DataTypeTests */ = {
			isa = PBXGroup;
			children = (
				A5C75AA718954A8D002994C9 /* DataTypeTests.m */,
				A5C75AA218954A8D002994C9 /* Supporting Files */,
			);
			path = DataTypeTests;
			sourceTree = "<group>";
		};
		A5C75AA218954A8D002994C9 /* Supporting Files */ = {
			isa = PBXGroup;
			children = (
				A5C75AA318954A8D002994C9 /* DataTypeTests-Info.plist */,
				A5C75AA418954A8D002994C9 /* InfoPlist.strings */,
			);
			name = "Supporting Files";
			sourceTree = "<group>";
		};
/* End PBXGroup section */

/* Begin PBXNativeTarget section */
		A5C75A7818954A8C002994C9 /* DataType */ = {
			isa = PBXNativeTarget;
			buildConfigurationList = A5C75AAB18954A8D002994C9 /* Build configuration list for PBXNativeTarget "DataType" */;
			buildPhases = (
				A5C75A7518954A8C002994C9 /* Sources */,
				A5C75A7618954A8C002994C9 /* Frameworks */,
				A5C75A7718954A8C002994C9 /* Resources */,
			);
			buildRules = (
			);
			dependencies = (
			);
			name = DataType;
			productName = DataType;
			productReference = A5C75A7918954A8C002994C9 /* DataType.app */;
			productType = "com.apple.product-type.application";
		};
		A5C75A9918954A8D002994C9 /* DataTypeTests */ = {
			isa = PBXNativeTarget;
			buildConfigurationList = A5C75AAE18954A8D002994C9 /* Build configuration list for PBXNativeTarget "DataTypeTests" */;
			buildPhases = (
				A5C75A9618954A8D002994C9 /* Sources */,
				A5C75A9718954A8D002994C9 /* Frameworks */,
				A5C75A9818954A8D002994C9 /* Resources */,
			);
			buildRules = (
			);
			dependencies = (
				A5C75AA018954A8D002994C9 /* PBXTargetDependency */,
			);
			name = DataTypeTests;
			productName = DataTypeTests;
			productReference = A5C75A9A18954A8D002994C9 /* DataTypeTests.xctest */;
			productType = "com.apple.product-type.bundle.unit-test";
		};
/* End PBXNativeTarget section */

/* Begin PBXProject section */
		A5C75A7118954A8C002994C9 /* Project object */ = {
			isa = PBXProject;
			attributes = {
				CLASSPREFIX = TT;
				LastUpgradeCheck = 0500;
				ORGANIZATIONNAME = sergey;
				TargetAttributes = {
					A5C75A9918954A8D002994C9 = {
						TestTargetID = A5C75A7818954A8C002994C9;
					};
				};
			};
			buildConfigurationList = A5C75A7418954A8C002994C9 /* Build configuration list for PBXProject "DataType" */;
			compatibilityVersion = "Xcode 3.2";
			developmentRegion = English;
			hasScannedForEncodings = 0;
			knownRegions = (
				en,
				Base,
			);
			mainGroup = A5C75A7018954A8C002994C9;
			productRefGroup = A5C75A7A18954A8C002994C9 /* Products */;
			projectDirPath = "";
			projectRoot = "";
			targets = (
				A5C75A7818954A8C002994C9 /* DataType */,
				A5C75A9918954A8D002994C9 /* DataTypeTests */,
			);
		};
/* End PBXProject section */

/* Begin PBXResourcesBuildPhase section */
		A5C75A7718954A8C002994C9 /* Resources */ = {
			isa = PBXResourcesBuildPhase;
			buildActionMask = 2147483647;
			files = (
				A5C75A9518954A8C002994C9 /* Images.xcassets in Resources */,
				A5C75A8718954A8C002994C9 /* InfoPlist.strings in Resources */,
				A5C75ABA18954B1D002994C9 /* TTViewController.xib in Resources */,
			);
			runOnlyForDeploymentPostprocessing = 0;
		};
		A5C75A9818954A8D002994C9 /* Resources */ = {
			isa = PBXResourcesBuildPhase;
			buildActionMask = 2147483647;
			files = (
				A5C75AA618954A8D002994C9 /* InfoPlist.strings in Resources */,
			);
			runOnlyForDeploymentPostprocessing = 0;
		};
/* End PBXResourcesBuildPhase section */

/* Begin PBXSourcesBuildPhase section */
		A5C75A7518954A8C002994C9 /* Sources */ = {
			isa = PBXSourcesBuildPhase;
			buildActionMask = 2147483647;
			files = (
				A5C75A8D18954A8C002994C9 /* TTAppDelegate.m in Sources */,
				A5C75A8918954A8C002994C9 /* main.m in Sources */,
				A5C75AB918954B1D002994C9 /* TTViewController.m in Sources */,
			);
			runOnlyForDeploymentPostprocessing = 0;
		};
		A5C75A9618954A8D002994C9 /* Sources */ = {
			isa = PBXSourcesBuildPhase;
			buildActionMask = 2147483647;
			files = (
				A5C75AA818954A8D002994C9 /* DataTypeTests.m in Sources */,
			);
			runOnlyForDeploymentPostprocessing = 0;
		};
/* End PBXSourcesBuildPhase section */

/* Begin PBXTargetDependency section */
		A5C75AA018954A8D002994C9 /* PBXTargetDependency */ = {
			isa = PBXTargetDependency;
			target = A5C75A7818954A8C002994C9 /* DataType */;
			targetProxy = A5C75A9F18954A8D002994C9 /* PBXContainerItemProxy */;
		};
/* End PBXTargetDependency section */

/* Begin PBXVariantGroup section */
		A5C75A8518954A8C002994C9 /* InfoPlist.strings */ = {
			isa = PBXVariantGroup;
			children = (
				A5C75A8618954A8C002994C9 /* en */,
			);
			name = InfoPlist.strings;
			sourceTree = "<group>";
		};
		A5C75AA418954A8D002994C9 /* InfoPlist.strings */ = {
			isa = PBXVariantGroup;
			children = (
				A5C75AA518954A8D002994C9 /* en */,
			);
			name = InfoPlist.strings;
			sourceTree = "<group>";
		};
/* End PBXVariantGroup section */

/* Begin XCBuildConfiguration section */
		A5C75AA918954A8D002994C9 /* Debug */ = {
			isa = XCBuildConfiguration;
			buildSettings = {
				ALWAYS_SEARCH_USER_PATHS = NO;
				ARCHS = "$(ARCHS_STANDARD_INCLUDING_64_BIT)";
				CLANG_CXX_LANGUAGE_STANDARD = "gnu++0x";
				CLANG_CXX_LIBRARY = "libc++";
				CLANG_ENABLE_MODULES = YES;
				CLANG_ENABLE_OBJC_ARC = NO;
				CLANG_WARN_BOOL_CONVERSION = YES;
				CLANG_WARN_CONSTANT_CONVERSION = YES;
				CLANG_WARN_DIRECT_OBJC_ISA_USAGE = YES_ERROR;
				CLANG_WARN_EMPTY_BODY = YES;
				CLANG_WARN_ENUM_CONVERSION = YES;
				CLANG_WARN_INT_CONVERSION = YES;
				CLANG_WARN_OBJC_ROOT_CLASS = YES_ERROR;
				CLANG_WARN__DUPLICATE_METHOD_MATCH = YES;
				"CODE_SIGN_IDENTITY[sdk=iphoneos*]" = "iPhone Developer";
				COPY_PHASE_STRIP = NO;
				GCC_C_LANGUAGE_STANDARD = gnu99;
				GCC_DYNAMIC_NO_PIC = NO;
				GCC_OPTIMIZATION_LEVEL = 0;
				GCC_PREPROCESSOR_DEFINITIONS = (
					"DEBUG=1",
					"$(inherited)",
				);
				GCC_SYMBOLS_PRIVATE_EXTERN = NO;
				GCC_WARN_64_TO_32_BIT_CONVERSION = YES;
				GCC_WARN_ABOUT_RETURN_TYPE = YES_ERROR;
				GCC_WARN_UNDECLARED_SELECTOR = YES;
				GCC_WARN_UNINITIALIZED_AUTOS = YES;
				GCC_WARN_UNUSED_FUNCTION = YES;
				GCC_WARN_UNUSED_VARIABLE = YES;
				IPHONEOS_DEPLOYMENT_TARGET = 7.0;
				ONLY_ACTIVE_ARCH = YES;
				SDKROOT = iphoneos;
			};
			name = Debug;
		};
		A5C75AAA18954A8D002994C9 /* Release */ = {
			isa = XCBuildConfiguration;
			buildSettings = {
				ALWAYS_SEARCH_USER_PATHS = NO;
				ARCHS = "$(ARCHS_STANDARD_INCLUDING_64_BIT)";
				CLANG_CXX_LANGUAGE_STANDARD = "gnu++0x";
				CLANG_CXX_LIBRARY = "libc++";
				CLANG_ENABLE_MODULES = YES;
				CLANG_ENABLE_OBJC_ARC = NO;
				CLANG_WARN_BOOL_CONVERSION = YES;
				CLANG_WARN_CONSTANT_CONVERSION = YES;
				CLANG_WARN_DIRECT_OBJC_ISA_USAGE = YES_ERROR;
				CLANG_WARN_EMPTY_BODY = YES;
				CLANG_WARN_ENUM_CONVERSION = YES;
				CLANG_WARN_INT_CONVERSION = YES;
				CLANG_WARN_OBJC_ROOT_CLASS = YES_ERROR;
				CLANG_WARN__DUPLICATE_METHOD_MATCH = YES;
				"CODE_SIGN_IDENTITY[sdk=iphoneos*]" = "iPhone Developer";
				COPY_PHASE_STRIP = YES;
				ENABLE_NS_ASSERTIONS = NO;
				GCC_C_LANGUAGE_STANDARD = gnu99;
				GCC_WARN_64_TO_32_BIT_CONVERSION = YES;
				GCC_WARN_ABOUT_RETURN_TYPE = YES_ERROR;
				GCC_WARN_UNDECLARED_SELECTOR = YES;
				GCC_WARN_UNINITIALIZED_AUTOS = YES;
				GCC_WARN_UNUSED_FUNCTION = YES;
				GCC_WARN_UNUSED_VARIABLE = YES;
				IPHONEOS_DEPLOYMENT_TARGET = 7.0;
				SDKROOT = iphoneos;
				VALIDATE_PRODUCT = YES;
			};
			name = Release;
		};
		A5C75AAC18954A8D002994C9 /* Debug */ = {
			isa = XCBuildConfiguration;
			buildSettings = {
				ASSETCATALOG_COMPILER_APPICON_NAME = AppIcon;
				ASSETCATALOG_COMPILER_LAUNCHIMAGE_NAME = LaunchImage;
				GCC_PRECOMPILE_PREFIX_HEADER = YES;
				GCC_PREFIX_HEADER = "DataType/DataType-Prefix.pch";
				INFOPLIST_FILE = "DataType/DataType-Info.plist";
				PRODUCT_NAME = "$(TARGET_NAME)";
				WRAPPER_EXTENSION = app;
			};
			name = Debug;
		};
		A5C75AAD18954A8D002994C9 /* Release */ = {
			isa = XCBuildConfiguration;
			buildSettings = {
				ASSETCATALOG_COMPILER_APPICON_NAME = AppIcon;
				ASSETCATALOG_COMPILER_LAUNCHIMAGE_NAME = LaunchImage;
				GCC_PRECOMPILE_PREFIX_HEADER = YES;
				GCC_PREFIX_HEADER = "DataType/DataType-Prefix.pch";
				INFOPLIST_FILE = "DataType/DataType-Info.plist";
				PRODUCT_NAME = "$(TARGET_NAME)";
				WRAPPER_EXTENSION = app;
			};
			name = Release;
		};
		A5C75AAF18954A8D002994C9 /* Debug */ = {
			isa = XCBuildConfiguration;
			buildSettings = {
				ARCHS = "$(ARCHS_STANDARD_INCLUDING_64_BIT)";
				BUNDLE_LOADER = "$(BUILT_PRODUCTS_DIR)/DataType.app/DataType";
				FRAMEWORK_SEARCH_PATHS = (
					"$(SDKROOT)/Developer/Library/Frameworks",
					"$(inherited)",
					"$(DEVELOPER_FRAMEWORKS_DIR)",
				);
				GCC_PRECOMPILE_PREFIX_HEADER = YES;
				GCC_PREFIX_HEADER = "DataType/DataType-Prefix.pch";
				GCC_PREPROCESSOR_DEFINITIONS = (
					"DEBUG=1",
					"$(inherited)",
				);
				INFOPLIST_FILE = "DataTypeTests/DataTypeTests-Info.plist";
				PRODUCT_NAME = "$(TARGET_NAME)";
				TEST_HOST = "$(BUNDLE_LOADER)";
				WRAPPER_EXTENSION = xctest;
			};
			name = Debug;
		};
		A5C75AB018954A8D002994C9 /* Release */ = {
			isa = XCBuildConfiguration;
			buildSettings = {
				ARCHS = "$(ARCHS_STANDARD_INCLUDING_64_BIT)";
				BUNDLE_LOADER = "$(BUILT_PRODUCTS_DIR)/DataType.app/DataType";
				FRAMEWORK_SEARCH_PATHS = (
					"$(SDKROOT)/Developer/Library/Frameworks",
					"$(inherited)",
					"$(DEVELOPER_FRAMEWORKS_DIR)",
				);
				GCC_PRECOMPILE_PREFIX_HEADER = YES;
				GCC_PREFIX_HEADER = "DataType/DataType-Prefix.pch";
				INFOPLIST_FILE = "DataTypeTests/DataTypeTests-Info.plist";
				PRODUCT_NAME = "$(TARGET_NAME)";
				TEST_HOST = "$(BUNDLE_LOADER)";
				WRAPPER_EXTENSION = xctest;
			};
			name = Release;
		};
/* End XCBuildConfiguration section */

/* Begin XCConfigurationList section */
		A5C75A7418954A8C002994C9 /* Build configuration list for PBXProject "DataType" */ = {
			isa = XCConfigurationList;
			buildConfigurations = (
				A5C75AA918954A8D002994C9 /* Debug */,
				A5C75AAA18954A8D002994C9 /* Release */,
			);
			defaultConfigurationIsVisible = 0;
			defaultConfigurationName = Release;
		};
		A5C75AAB18954A8D002994C9 /* Build configuration list for PBXNativeTarget "DataType" */ = {
			isa = XCConfigurationList;
			buildConfigurations = (
				A5C75AAC18954A8D002994C9 /* Debug */,
				A5C75AAD18954A8D002994C9 /* Release */,
			);
			defaultConfigurationIsVisible = 0;
		};
		A5C75AAE18954A8D002994C9 /* Build configuration list for PBXNativeTarget "DataTypeTests" */ = {
			isa = XCConfigurationList;
			buildConfigurations = (
				A5C75AAF18954A8D002994C9 /* Debug */,
				A5C75AB018954A8D002994C9 /* Release */,
			);
			defaultConfigurationIsVisible = 0;
		};
/* End XCConfigurationList section */
	};
	rootObject = A5C75A7118954A8C002994C9 /* Project object */;
}
